
Microsoft Visual Studio Solution File, Format Version 12.00
# Visual Studio Version 17
VisualStudioVersion = 17.0.32126.317
MinimumVisualStudioVersion = 10.0.40219.1
Project("{FAE04EC0-301F-11D3-BF4B-00C04F79EFBC}") = "TestadorDeLogin", "TestadorDeLogin\TestadorDeLogin.csproj", "{7A6B5ED6-10BB-40FE-B751-AFC0D36432A2}"
EndProject
Global
	GlobalSection(SolutionConfigurationPlatforms) = preSolution
		Debug|Any CPU = Debug|Any CPU
		Debug|x64 = Debug|x64
		Release|Any CPU = Release|Any CPU
		Release|x64 = Release|x64
	EndGlobalSection
	GlobalSection(ProjectConfigurationPlatforms) = postSolution
		{7A6B5ED6-10BB-40FE-B751-AFC0D36432A2}.Debug|Any CPU.ActiveCfg = Debug|Any CPU
		{7A6B5ED6-10BB-40FE-B751-AFC0D36432A2}.Debug|Any CPU.Build.0 = Debug|Any CPU
		{7A6B5ED6-10BB-40FE-B751-AFC0D36432A2}.Debug|x64.ActiveCfg = Debug|x64
		{7A6B5ED6-10BB-40FE-B751-AFC0D36432A2}.Debug|x64.Build.0 = Debug|x64
		{7A6B5ED6-10BB-40FE-B751-AFC0D36432A2}.Release|Any CPU.ActiveCfg = Release|Any CPU
		{7A6B5ED6-10BB-40FE-B751-AFC0D36432A2}.Release|Any CPU.Build.0 = Release|Any CPU
		{7A6B5ED6-10BB-40FE-B751-AFC0D36432A2}.Release|x64.ActiveCfg = Release|x64
		{7A6B5ED6-10BB-40FE-B751-AFC0D36432A2}.Release|x64.Build.0 = Release|x64
	EndGlobalSection
	GlobalSection(SolutionProperties) = preSolution
		HideSolutionNode = FALSE
	EndGlobalSection
	GlobalSection(ExtensibilityGlobals) = postSolution
		SolutionGuid = {7DB1E645-ED6C-4175-B082-8E44B8C4AE27}
	EndGlobalSection
EndGlobal
